// !$*UTF8*$!
{
	archiveVersion = 1;
	classes = {
	};
	objectVersion = 56;
	objects = {

/* Begin PBXBuildFile section */
		A58C66C5295092CA0048E497 /* project_App.swift in Sources */ = {isa = PBXBuildFile; fileRef = A58C66C4295092CA0048E497 /* project_App.swift */; };
		A58C66C7295092CA0048E497 /* ContentView.swift in Sources */ = {isa = PBXBuildFile; fileRef = A58C66C6295092CA0048E497 /* ContentView.swift */; };
		A58C66C9295092CB0048E497 /* Assets.xcassets in Resources */ = {isa = PBXBuildFile; fileRef = A58C66C8295092CB0048E497 /* Assets.xcassets */; };
		A58C66CC295092CB0048E497 /* Preview Assets.xcassets in Resources */ = {isa = PBXBuildFile; fileRef = A58C66CB295092CB0048E497 /* Preview Assets.xcassets */; };
		A58C66DC295095430048E497 /* SDWebImageSwiftUI in Frameworks */ = {isa = PBXBuildFile; productRef = A58C66DB295095430048E497 /* SDWebImageSwiftUI */; };
		A58C66DE295096020048E497 /* api.swift in Sources */ = {isa = PBXBuildFile; fileRef = A58C66DD295096020048E497 /* api.swift */; };
		A58C66E42950974D0048E497 /* Home.swift in Sources */ = {isa = PBXBuildFile; fileRef = A58C66E32950974D0048E497 /* Home.swift */; };
		A58C66E6295099390048E497 /* homeviewmodel.swift in Sources */ = {isa = PBXBuildFile; fileRef = A58C66E5295099390048E497 /* homeviewmodel.swift */; };
		A58C66E829509A2D0048E497 /* characters.swift in Sources */ = {isa = PBXBuildFile; fileRef = A58C66E729509A2D0048E497 /* characters.swift */; };
		A58C66EA2950A29E0048E497 /* Character.swift in Sources */ = {isa = PBXBuildFile; fileRef = A58C66E92950A29E0048E497 /* Character.swift */; };
		A58C66EE2951E4280048E497 /* web.swift in Sources */ = {isa = PBXBuildFile; fileRef = A58C66ED2951E4280048E497 /* web.swift */; };
		A58C66F02951F1400048E497 /* login.swift in Sources */ = {isa = PBXBuildFile; fileRef = A58C66EF2951F1400048E497 /* login.swift */; };
		A58C66F22951F1870048E497 /* login api.swift in Sources */ = {isa = PBXBuildFile; fileRef = A58C66F12951F1870048E497 /* login api.swift */; };
		A58C66F42951F2970048E497 /* sign up.swift in Sources */ = {isa = PBXBuildFile; fileRef = A58C66F32951F2970048E497 /* sign up.swift */; };
/* End PBXBuildFile section */

/* Begin PBXFileReference section */
		A58C66C4295092CA0048E497 /* project_App.swift */ = {isa = PBXFileReference; lastKnownFileType = sourcecode.swift; path = project_App.swift; sourceTree = "<group>"; };
		A58C66C6295092CA0048E497 /* ContentView.swift */ = {isa = PBXFileReference; lastKnownFileType = sourcecode.swift; path = ContentView.swift; sourceTree = "<group>"; };
		A58C66C8295092CB0048E497 /* Assets.xcassets */ = {isa = PBXFileReference; lastKnownFileType = folder.assetcatalog; path = Assets.xcassets; sourceTree = "<group>"; };
		A58C66CB295092CB0048E497 /* Preview Assets.xcassets */ = {isa = PBXFileReference; lastKnownFileType = folder.assetcatalog; path = "Preview Assets.xcassets"; sourceTree = "<group>"; };
		A58C66D3295094070048E497 /* Alamofire */ = {isa = PBXFileReference; lastKnownFileType = wrapper; name = Alamofire; path = "../../../../Library/Developer/Xcode/DerivedData/Json_App-dkahkutotsbgwsgjnlxtulqonmal/SourcePackages/checkouts/Alamofire"; sourceTree = "<group>"; };
		A58C66D4295094150048E497 /* url-image */ = {isa = PBXFileReference; lastKnownFileType = wrapper; name = "url-image"; path = "../../../../Library/Developer/Xcode/DerivedData/Json_App-dkahkutotsbgwsgjnlxtulqonmal/SourcePackages/checkouts/url-image"; sourceTree = "<group>"; };
		A58C66D5295094360048E497 /* Alamofire */ = {isa = PBXFileReference; lastKnownFileType = wrapper; name = Alamofire; path = "../../../../Library/Developer/Xcode/DerivedData/Json_App-dkahkutotsbgwsgjnlxtulqonmal/SourcePackages/checkouts/Alamofire"; sourceTree = "<group>"; };
		A58C66DD295096020048E497 /* api.swift */ = {isa = PBXFileReference; lastKnownFileType = sourcecode.swift; path = api.swift; sourceTree = "<group>"; };
		A58C66E32950974D0048E497 /* Home.swift */ = {isa = PBXFileReference; lastKnownFileType = sourcecode.swift; path = Home.swift; sourceTree = "<group>"; };
		A58C66E5295099390048E497 /* homeviewmodel.swift */ = {isa = PBXFileReference; lastKnownFileType = sourcecode.swift; path = homeviewmodel.swift; sourceTree = "<group>"; };
		A58C66E729509A2D0048E497 /* characters.swift */ = {isa = PBXFileReference; lastKnownFileType = sourcecode.swift; path = characters.swift; sourceTree = "<group>"; };
		A58C66E92950A29E0048E497 /* Character.swift */ = {isa = PBXFileReference; lastKnownFileType = sourcecode.swift; path = Character.swift; sourceTree = "<group>"; };
		A58C66EB2950B2550048E497 /* project!.app */ = {isa = PBXFileReference; explicitFileType = wrapper.application; includeInIndex = 0; path = "project!.app"; sourceTree = BUILT_PRODUCTS_DIR; };
		A58C66EC2950B2550048E497 /* project--Info.plist */ = {isa = PBXFileReference; lastKnownFileType = text.plist; path = "project--Info.plist"; sourceTree = SOURCE_ROOT; };
		A58C66ED2951E4280048E497 /* web.swift */ = {isa = PBXFileReference; lastKnownFileType = sourcecode.swift; path = web.swift; sourceTree = "<group>"; };
		A58C66EF2951F1400048E497 /* login.swift */ = {isa = PBXFileReference; lastKnownFileType = sourcecode.swift; path = login.swift; sourceTree = "<group>"; };
		A58C66F12951F1870048E497 /* login api.swift */ = {isa = PBXFileReference; lastKnownFileType = sourcecode.swift; path = "login api.swift"; sourceTree = "<group>"; };
		A58C66F32951F2970048E497 /* sign up.swift */ = {isa = PBXFileReference; lastKnownFileType = sourcecode.swift; path = "sign up.swift"; sourceTree = "<group>"; };
/* End PBXFileReference section */

/* Begin PBXFrameworksBuildPhase section */
		A58C66BE295092CA0048E497 /* Frameworks */ = {
			isa = PBXFrameworksBuildPhase;
			buildActionMask = 2147483647;
			files = (
				A58C66DC295095430048E497 /* SDWebImageSwiftUI in Frameworks */,
			);
			runOnlyForDeploymentPostprocessing = 0;
		};
/* End PBXFrameworksBuildPhase section */

/* Begin PBXGroup section */
		A58C66B8295092CA0048E497 = {
			isa = PBXGroup;
			children = (
				A58C66D2295094070048E497 /* Packages */,
				A58C66C3295092CA0048E497 /* project! */,
				A58C66EB2950B2550048E497 /* project!.app */,
			);
			sourceTree = "<group>";
		};
		A58C66C3295092CA0048E497 /* project! */ = {
			isa = PBXGroup;
			children = (
				A58C66EC2950B2550048E497 /* project--Info.plist */,
				A58C66F12951F1870048E497 /* login api.swift */,
				A58C66EF2951F1400048E497 /* login.swift */,
				A58C66F32951F2970048E497 /* sign up.swift */,
				A58C66E5295099390048E497 /* homeviewmodel.swift */,
				A58C66C4295092CA0048E497 /* project_App.swift */,
				A58C66E92950A29E0048E497 /* Character.swift */,
				A58C66E729509A2D0048E497 /* characters.swift */,
				A58C66ED2951E4280048E497 /* web.swift */,
				A58C66E32950974D0048E497 /* Home.swift */,
				A58C66C6295092CA0048E497 /* ContentView.swift */,
				A58C66DD295096020048E497 /* api.swift */,
				A58C66C8295092CB0048E497 /* Assets.xcassets */,
				A58C66CA295092CB0048E497 /* Preview Content */,
			);
			path = "project!";
			sourceTree = "<group>";
		};
		A58C66CA295092CB0048E497 /* Preview Content */ = {
			isa = PBXGroup;
			children = (
				A58C66CB295092CB0048E497 /* Preview Assets.xcassets */,
			);
			path = "Preview Content";
			sourceTree = "<group>";
		};
		A58C66D2295094070048E497 /* Packages */ = {
			isa = PBXGroup;
			children = (
				A58C66D3295094070048E497 /* Alamofire */,
				A58C66D4295094150048E497 /* url-image */,
				A58C66D5295094360048E497 /* Alamofire */,
			);
			name = Packages;
			sourceTree = "<group>";
		};
/* End PBXGroup section */

/* Begin PBXNativeTarget section */
		A58C66C0295092CA0048E497 /* project! */ = {
			isa = PBXNativeTarget;
			buildConfigurationList = A58C66CF295092CB0048E497 /* Build configuration list for PBXNativeTarget "project!" */;
			buildPhases = (
				A58C66BD295092CA0048E497 /* Sources */,
				A58C66BE295092CA0048E497 /* Frameworks */,
				A58C66BF295092CA0048E497 /* Resources */,
			);
			buildRules = (
			);
			dependencies = (
			);
			name = "project!";
			packageProductDependencies = (
				A58C66DB295095430048E497 /* SDWebImageSwiftUI */,
			);
			productName = "project!";
			productReference = A58C66EB2950B2550048E497 /* project!.app */;
			productType = "com.apple.product-type.application";
		};
/* End PBXNativeTarget section */

/* Begin PBXProject section */
		A58C66B9295092CA0048E497 /* Project object */ = {
			isa = PBXProject;
			attributes = {
				BuildIndependentTargetsInParallel = 1;
				LastSwiftUpdateCheck = 1420;
				LastUpgradeCheck = 1420;
				TargetAttributes = {
					A58C66C0295092CA0048E497 = {
						CreatedOnToolsVersion = 14.2;
					};
				};
			};
			buildConfigurationList = A58C66BC295092CA0048E497 /* Build configuration list for PBXProject "project!" */;
			compatibilityVersion = "Xcode 14.0";
			developmentRegion = en;
			hasScannedForEncodings = 0;
			knownRegions = (
				en,
				Base,
			);
			mainGroup = A58C66B8295092CA0048E497;
			packageReferences = (
				A58C66DA295095430048E497 /* XCRemoteSwiftPackageReference "SDWebImageSwiftUI" */,
			);
			productRefGroup = A58C66B8295092CA0048E497;
			projectDirPath = "";
			projectRoot = "";
			targets = (
				A58C66C0295092CA0048E497 /* project! */,
			);
		};
/* End PBXProject section */

/* Begin PBXResourcesBuildPhase section */
		A58C66BF295092CA0048E497 /* Resources */ = {
			isa = PBXResourcesBuildPhase;
			buildActionMask = 2147483647;
			files = (
				A58C66CC295092CB0048E497 /* Preview Assets.xcassets in Resources */,
				A58C66C9295092CB0048E497 /* Assets.xcassets in Resources */,
			);
			runOnlyForDeploymentPostprocessing = 0;
		};
/* End PBXResourcesBuildPhase section */

/* Begin PBXSourcesBuildPhase section */
		A58C66BD295092CA0048E497 /* Sources */ = {
			isa = PBXSourcesBuildPhase;
			buildActionMask = 2147483647;
			files = (
				A58C66E829509A2D0048E497 /* characters.swift in Sources */,
				A58C66F02951F1400048E497 /* login.swift in Sources */,
				A58C66EA2950A29E0048E497 /* Character.swift in Sources */,
				A58C66EE2951E4280048E497 /* web.swift in Sources */,
				A58C66C7295092CA0048E497 /* ContentView.swift in Sources */,
				A58C66DE295096020048E497 /* api.swift in Sources */,
				A58C66E42950974D0048E497 /* Home.swift in Sources */,
				A58C66C5295092CA0048E497 /* project_App.swift in Sources */,
				A58C66F22951F1870048E497 /* login api.swift in Sources */,
				A58C66F42951F2970048E497 /* sign up.swift in Sources */,
				A58C66E6295099390048E497 /* homeviewmodel.swift in Sources */,
			);
			runOnlyForDeploymentPostprocessing = 0;
		};
/* End PBXSourcesBuildPhase section */

/* Begin XCBuildConfiguration section */
		A58C66CD295092CB0048E497 /* Debug */ = {
			isa = XCBuildConfiguration;
			buildSettings = {
				ALWAYS_SEARCH_USER_PATHS = NO;
				CLANG_ANALYZER_NONNULL = YES;
				CLANG_ANALYZER_NUMBER_OBJECT_CONVERSION = YES_AGGRESSIVE;
				CLANG_CXX_LANGUAGE_STANDARD = "gnu++20";
				CLANG_ENABLE_MODULES = YES;
				CLANG_ENABLE_OBJC_ARC = YES;
				CLANG_ENABLE_OBJC_WEAK = YES;
				CLANG_WARN_BLOCK_CAPTURE_AUTORELEASING = YES;
				CLANG_WARN_BOOL_CONVERSION = YES;
				CLANG_WARN_COMMA = YES;
				CLANG_WARN_CONSTANT_CONVERSION = YES;
				CLANG_WARN_DEPRECATED_OBJC_IMPLEMENTATIONS = YES;
				CLANG_WARN_DIRECT_OBJC_ISA_USAGE = YES_ERROR;
				CLANG_WARN_DOCUMENTATION_COMMENTS = YES;
				CLANG_WARN_EMPTY_BODY = YES;
				CLANG_WARN_ENUM_CONVERSION = YES;
				CLANG_WARN_INFINITE_RECURSION = YES;
				CLANG_WARN_INT_CONVERSION = YES;
				CLANG_WARN_NON_LITERAL_NULL_CONVERSION = YES;
				CLANG_WARN_OBJC_IMPLICIT_RETAIN_SELF = YES;
				CLANG_WARN_OBJC_LITERAL_CONVERSION = YES;
				CLANG_WARN_OBJC_ROOT_CLASS = YES_ERROR;
				CLANG_WARN_QUOTED_INCLUDE_IN_FRAMEWORK_HEADER = YES;
				CLANG_WARN_RANGE_LOOP_ANALYSIS = YES;
				CLANG_WARN_STRICT_PROTOTYPES = YES;
				CLANG_WARN_SUSPICIOUS_MOVE = YES;
				CLANG_WARN_UNGUARDED_AVAILABILITY = YES_AGGRESSIVE;
				CLANG_WARN_UNREACHABLE_CODE = YES;
				CLANG_WARN__DUPLICATE_METHOD_MATCH = YES;
				COPY_PHASE_STRIP = NO;
				DEBUG_INFORMATION_FORMAT = dwarf;
				ENABLE_STRICT_OBJC_MSGSEND = YES;
				ENABLE_TESTABILITY = YES;
				GCC_C_LANGUAGE_STANDARD = gnu11;
				GCC_DYNAMIC_NO_PIC = NO;
				GCC_NO_COMMON_BLOCKS = YES;
				GCC_OPTIMIZATION_LEVEL = 0;
				GCC_PREPROCESSOR_DEFINITIONS = (
					"DEBUG=1",
					"$(inherited)",
				);
				GCC_WARN_64_TO_32_BIT_CONVERSION = YES;
				GCC_WARN_ABOUT_RETURN_TYPE = YES_ERROR;
				GCC_WARN_UNDECLARED_SELECTOR = YES;
				GCC_WARN_UNINITIALIZED_AUTOS = YES_AGGRESSIVE;
				GCC_WARN_UNUSED_FUNCTION = YES;
				GCC_WARN_UNUSED_VARIABLE = YES;
				IPHONEOS_DEPLOYMENT_TARGET = 16.2;
				MTL_ENABLE_DEBUG_INFO = INCLUDE_SOURCE;
				MTL_FAST_MATH = YES;
				ONLY_ACTIVE_ARCH = YES;
				SDKROOT = iphoneos;
				SWIFT_ACTIVE_COMPILATION_CONDITIONS = DEBUG;
				SWIFT_OPTIMIZATION_LEVEL = "-Onone";
			};
			name = Debug;
		};
		A58C66CE295092CB0048E497 /* Release */ = {
			isa = XCBuildConfiguration;
			buildSettings = {
				ALWAYS_SEARCH_USER_PATHS = NO;
				CLANG_ANALYZER_NONNULL = YES;
				CLANG_ANALYZER_NUMBER_OBJECT_CONVERSION = YES_AGGRESSIVE;
				CLANG_CXX_LANGUAGE_STANDARD = "gnu++20";
				CLANG_ENABLE_MODULES = YES;
				CLANG_ENABLE_OBJC_ARC = YES;
				CLANG_ENABLE_OBJC_WEAK = YES;
				CLANG_WARN_BLOCK_CAPTURE_AUTORELEASING = YES;
				CLANG_WARN_BOOL_CONVERSION = YES;
				CLANG_WARN_COMMA = YES;
				CLANG_WARN_CONSTANT_CONVERSION = YES;
				CLANG_WARN_DEPRECATED_OBJC_IMPLEMENTATIONS = YES;
				CLANG_WARN_DIRECT_OBJC_ISA_USAGE = YES_ERROR;
				CLANG_WARN_DOCUMENTATION_COMMENTS = YES;
				CLANG_WARN_EMPTY_BODY = YES;
				CLANG_WARN_ENUM_CONVERSION = YES;
				CLANG_WARN_INFINITE_RECURSION = YES;
				CLANG_WARN_INT_CONVERSION = YES;
				CLANG_WARN_NON_LITERAL_NULL_CONVERSION = YES;
				CLANG_WARN_OBJC_IMPLICIT_RETAIN_SELF = YES;
				CLANG_WARN_OBJC_LITERAL_CONVERSION = YES;
				CLANG_WARN_OBJC_ROOT_CLASS = YES_ERROR;
				CLANG_WARN_QUOTED_INCLUDE_IN_FRAMEWORK_HEADER = YES;
				CLANG_WARN_RANGE_LOOP_ANALYSIS = YES;
				CLANG_WARN_STRICT_PROTOTYPES = YES;
				CLANG_WARN_SUSPICIOUS_MOVE = YES;
				CLANG_WARN_UNGUARDED_AVAILABILITY = YES_AGGRESSIVE;
				CLANG_WARN_UNREACHABLE_CODE = YES;
				CLANG_WARN__DUPLICATE_METHOD_MATCH = YES;
				COPY_PHASE_STRIP = NO;
				DEBUG_INFORMATION_FORMAT = "dwarf-with-dsym";
				ENABLE_NS_ASSERTIONS = NO;
				ENABLE_STRICT_OBJC_MSGSEND = YES;
				GCC_C_LANGUAGE_STANDARD = gnu11;
				GCC_NO_COMMON_BLOCKS = YES;
				GCC_WARN_64_TO_32_BIT_CONVERSION = YES;
				GCC_WARN_ABOUT_RETURN_TYPE = YES_ERROR;
				GCC_WARN_UNDECLARED_SELECTOR = YES;
				GCC_WARN_UNINITIALIZED_AUTOS = YES_AGGRESSIVE;
				GCC_WARN_UNUSED_FUNCTION = YES;
				GCC_WARN_UNUSED_VARIABLE = YES;
				IPHONEOS_DEPLOYMENT_TARGET = 16.2;
				MTL_ENABLE_DEBUG_INFO = NO;
				MTL_FAST_MATH = YES;
				SDKROOT = iphoneos;
				SWIFT_COMPILATION_MODE = wholemodule;
				SWIFT_OPTIMIZATION_LEVEL = "-O";
				VALIDATE_PRODUCT = YES;
			};
			name = Release;
		};
		A58C66D0295092CB0048E497 /* Debug */ = {
			isa = XCBuildConfiguration;
			buildSettings = {
				ASSETCATALOG_COMPILER_APPICON_NAME = AppIcon;
				ASSETCATALOG_COMPILER_GLOBAL_ACCENT_COLOR_NAME = AccentColor;
				CODE_SIGN_STYLE = Automatic;
				CURRENT_PROJECT_VERSION = 1;
				DEVELOPMENT_ASSET_PATHS = "\"project!/Preview Content\"";
				ENABLE_PREVIEWS = YES;
				GENERATE_INFOPLIST_FILE = YES;
				INFOPLIST_FILE = "project--Info.plist";
				INFOPLIST_KEY_LSApplicationCategoryType = "";
				INFOPLIST_KEY_UIApplicationSupportsIndirectInputEvents = YES;
				INFOPLIST_KEY_UILaunchScreen_Generation = YES;
				INFOPLIST_KEY_UISupportedInterfaceOrientations_iPad = "UIInterfaceOrientationPortrait UIInterfaceOrientationPortraitUpsideDown UIInterfaceOrientationLandscapeLeft UIInterfaceOrientationLandscapeRight";
				INFOPLIST_KEY_UISupportedInterfaceOrientations_iPhone = "UIInterfaceOrientationPortrait UIInterfaceOrientationLandscapeLeft UIInterfaceOrientationLandscapeRight";
				LD_RUNPATH_SEARCH_PATHS = (
					"$(inherited)",
					"@executable_path/Frameworks",
				);
				MARKETING_VERSION = 1.0;
				PRODUCT_BUNDLE_IDENTIFIER = "Hsu-Wen-Chi.project-";
				PRODUCT_NAME = "$(TARGET_NAME)";
				SWIFT_EMIT_LOC_STRINGS = YES;
				SWIFT_VERSION = 5.0;
				TARGETED_DEVICE_FAMILY = "1,2";
			};
			name = Debug;
		};
		A58C66D1295092CB0048E497 /* Release */ = {
			isa = XCBuildConfiguration;
			buildSettings = {
				ASSETCATALOG_COMPILER_APPICON_NAME = AppIcon;
				ASSETCATALOG_COMPILER_GLOBAL_ACCENT_COLOR_NAME = AccentColor;
				CODE_SIGN_STYLE = Automatic;
				CURRENT_PROJECT_VERSION = 1;
				DEVELOPMENT_ASSET_PATHS = "\"project!/Preview Content\"";
				ENABLE_PREVIEWS = YES;
				GENERATE_INFOPLIST_FILE = YES;
				INFOPLIST_FILE = "project--Info.plist";
				INFOPLIST_KEY_LSApplicationCategoryType = "";
				INFOPLIST_KEY_UIApplicationSupportsIndirectInputEvents = YES;
				INFOPLIST_KEY_UILaunchScreen_Generation = YES;
				INFOPLIST_KEY_UISupportedInterfaceOrientations_iPad = "UIInterfaceOrientationPortrait UIInterfaceOrientationPortraitUpsideDown UIInterfaceOrientationLandscapeLeft UIInterfaceOrientationLandscapeRight";
				INFOPLIST_KEY_UISupportedInterfaceOrientations_iPhone = "UIInterfaceOrientationPortrait UIInterfaceOrientationLandscapeLeft UIInterfaceOrientationLandscapeRight";
				LD_RUNPATH_SEARCH_PATHS = (
					"$(inherited)",
					"@executable_path/Frameworks",
				);
				MARKETING_VERSION = 1.0;
				PRODUCT_BUNDLE_IDENTIFIER = "Hsu-Wen-Chi.project-";
				PRODUCT_NAME = "$(TARGET_NAME)";
				SWIFT_EMIT_LOC_STRINGS = YES;
				SWIFT_VERSION = 5.0;
				TARGETED_DEVICE_FAMILY = "1,2";
			};
			name = Release;
		};
/* End XCBuildConfiguration section */

/* Begin XCConfigurationList section */
		A58C66BC295092CA0048E497 /* Build configuration list for PBXProject "project!" */ = {
			isa = XCConfigurationList;
			buildConfigurations = (
				A58C66CD295092CB0048E497 /* Debug */,
				A58C66CE295092CB0048E497 /* Release */,
			);
			defaultConfigurationIsVisible = 0;
			defaultConfigurationName = Release;
		};
		A58C66CF295092CB0048E497 /* Build configuration list for PBXNativeTarget "project!" */ = {
			isa = XCConfigurationList;
			buildConfigurations = (
				A58C66D0295092CB0048E497 /* Debug */,
				A58C66D1295092CB0048E497 /* Release */,
			);
			defaultConfigurationIsVisible = 0;
			defaultConfigurationName = Release;
		};
/* End XCConfigurationList section */

/* Begin XCRemoteSwiftPackageReference section */
		A58C66DA295095430048E497 /* XCRemoteSwiftPackageReference "SDWebImageSwiftUI" */ = {
			isa = XCRemoteSwiftPackageReference;
			repositoryURL = "https://github.com/SDWebImage/SDWebImageSwiftUI.git";
			requirement = {
				kind = upToNextMajorVersion;
				minimumVersion = 2.0.0;
			};
		};
/* End XCRemoteSwiftPackageReference section */

/* Begin XCSwiftPackageProductDependency section */
		A58C66DB295095430048E497 /* SDWebImageSwiftUI */ = {
			isa = XCSwiftPackageProductDependency;
			package = A58C66DA295095430048E497 /* XCRemoteSwiftPackageReference "SDWebImageSwiftUI" */;
			productName = SDWebImageSwiftUI;
		};
/* End XCSwiftPackageProductDependency section */
	};
	rootObject = A58C66B9295092CA0048E497 /* Project object */;
}
